
Microsoft Visual Studio Solution File, Format Version 12.00
# Visual Studio 15
VisualStudioVersion = 15.0.27703.2035
MinimumVisualStudioVersion = 10.0.40219.1
Project("{8BC9CEB8-8B4A-11D0-8D11-00A0C91BC942}") = "实验1-1", "实验1-1\实验1-1.vcxproj", "{5320E7D8-36D3-4EC7-ADFF-11BFF3AE4273}"
EndProject
Global
	GlobalSection(SolutionConfigurationPlatforms) = preSolution
		Debug|x64 = Debug|x64
		Debug|x86 = Debug|x86
		Release|x64 = Release|x64
		Release|x86 = Release|x86
	EndGlobalSection
	GlobalSection(ProjectConfigurationPlatforms) = postSolution
		{5320E7D8-36D3-4EC7-ADFF-11BFF3AE4273}.Debug|x64.ActiveCfg = Debug|x64
		{5320E7D8-36D3-4EC7-ADFF-11BFF3AE4273}.Debug|x64.Build.0 = Debug|x64
		{5320E7D8-36D3-4EC7-ADFF-11BFF3AE4273}.Debug|x86.ActiveCfg = Debug|Win32
		{5320E7D8-36D3-4EC7-ADFF-11BFF3AE4273}.Debug|x86.Build.0 = Debug|Win32
		{5320E7D8-36D3-4EC7-ADFF-11BFF3AE4273}.Release|x64.ActiveCfg = Release|x64
		{5320E7D8-36D3-4EC7-ADFF-11BFF3AE4273}.Release|x64.Build.0 = Release|x64
		{5320E7D8-36D3-4EC7-ADFF-11BFF3AE4273}.Release|x86.ActiveCfg = Release|Win32
		{5320E7D8-36D3-4EC7-ADFF-11BFF3AE4273}.Release|x86.Build.0 = Release|Win32
	EndGlobalSection
	GlobalSection(SolutionProperties) = preSolution
		HideSolutionNode = FALSE
	EndGlobalSection
	GlobalSection(ExtensibilityGlobals) = postSolution
		SolutionGuid = {CFBE0F0F-1F67-4C36-8F53-C25290F13A83}
	EndGlobalSection
EndGlobal
